
Microsoft Visual Studio Solution File, Format Version 12.00
# Visual Studio Version 17
VisualStudioVersion = 17.3.32929.385
MinimumVisualStudioVersion = 10.0.40219.1
Project("{FAE04EC0-301F-11D3-BF4B-00C04F79EFBC}") = "ExamenFinal", "ExamenFinal\ExamenFinal.csproj", "{EC1D8F1C-97D1-4D2E-BD3D-7C3F79676C43}"
EndProject
Global
	GlobalSection(SolutionConfigurationPlatforms) = preSolution
		Debug|Any CPU = Debug|Any CPU
		Release|Any CPU = Release|Any CPU
	EndGlobalSection
	GlobalSection(ProjectConfigurationPlatforms) = postSolution
		{EC1D8F1C-97D1-4D2E-BD3D-7C3F79676C43}.Debug|Any CPU.ActiveCfg = Debug|Any CPU
		{EC1D8F1C-97D1-4D2E-BD3D-7C3F79676C43}.Debug|Any CPU.Build.0 = Debug|Any CPU
		{EC1D8F1C-97D1-4D2E-BD3D-7C3F79676C43}.Release|Any CPU.ActiveCfg = Release|Any CPU
		{EC1D8F1C-97D1-4D2E-BD3D-7C3F79676C43}.Release|Any CPU.Build.0 = Release|Any CPU
	EndGlobalSection
	GlobalSection(SolutionProperties) = preSolution
		HideSolutionNode = FALSE
	EndGlobalSection
	GlobalSection(ExtensibilityGlobals) = postSolution
		SolutionGuid = {C1AB261F-431D-4F39-B619-88399D7848D9}
	EndGlobalSection
EndGlobal
